// !$*UTF8*$!
{
	archiveVersion = 1;
	classes = {
	};
	objectVersion = 46;
	objects = {

/* Begin PBXBuildFile section */
		B821DA9F1BA3FCC500E8CA25 /* Communicator.swift in Sources */ = {isa = PBXBuildFile; fileRef = B821DA9E1BA3FCC500E8CA25 /* Communicator.swift */; };
		B821DAB11BA3FFFE00E8CA25 /* SocketAckManager.swift in Sources */ = {isa = PBXBuildFile; fileRef = B821DAA21BA3FFFE00E8CA25 /* SocketAckManager.swift */; };
		B821DAB31BA3FFFE00E8CA25 /* SocketAnyEvent.swift in Sources */ = {isa = PBXBuildFile; fileRef = B821DAA31BA3FFFE00E8CA25 /* SocketAnyEvent.swift */; };
		B821DAB51BA3FFFE00E8CA25 /* SocketEngine.swift in Sources */ = {isa = PBXBuildFile; fileRef = B821DAA41BA3FFFE00E8CA25 /* SocketEngine.swift */; };
		B821DAB71BA3FFFE00E8CA25 /* SocketEngineClient.swift in Sources */ = {isa = PBXBuildFile; fileRef = B821DAA51BA3FFFE00E8CA25 /* SocketEngineClient.swift */; };
		B821DAB91BA3FFFE00E8CA25 /* SocketEventHandler.swift in Sources */ = {isa = PBXBuildFile; fileRef = B821DAA61BA3FFFE00E8CA25 /* SocketEventHandler.swift */; };
		B821DABB1BA3FFFE00E8CA25 /* SocketFixUTF8.swift in Sources */ = {isa = PBXBuildFile; fileRef = B821DAA71BA3FFFE00E8CA25 /* SocketFixUTF8.swift */; };
		B821DABD1BA3FFFE00E8CA25 /* SocketGenericParser.swift in Sources */ = {isa = PBXBuildFile; fileRef = B821DAA81BA3FFFE00E8CA25 /* SocketGenericParser.swift */; };
		B821DABF1BA3FFFE00E8CA25 /* SocketIOClient.swift in Sources */ = {isa = PBXBuildFile; fileRef = B821DAA91BA3FFFE00E8CA25 /* SocketIOClient.swift */; };
		B821DAC11BA3FFFE00E8CA25 /* SocketIOClientStatus.swift in Sources */ = {isa = PBXBuildFile; fileRef = B821DAAA1BA3FFFE00E8CA25 /* SocketIOClientStatus.swift */; };
		B821DAC31BA3FFFE00E8CA25 /* SocketLogger.swift in Sources */ = {isa = PBXBuildFile; fileRef = B821DAAB1BA3FFFE00E8CA25 /* SocketLogger.swift */; };
		B821DAC51BA3FFFE00E8CA25 /* SocketPacket.swift in Sources */ = {isa = PBXBuildFile; fileRef = B821DAAC1BA3FFFE00E8CA25 /* SocketPacket.swift */; };
		B821DAC71BA3FFFE00E8CA25 /* SocketParser.swift in Sources */ = {isa = PBXBuildFile; fileRef = B821DAAD1BA3FFFE00E8CA25 /* SocketParser.swift */; };
		B821DAC91BA3FFFE00E8CA25 /* SocketTypes.swift in Sources */ = {isa = PBXBuildFile; fileRef = B821DAAE1BA3FFFE00E8CA25 /* SocketTypes.swift */; };
		B821DACB1BA3FFFE00E8CA25 /* SwiftRegex.swift in Sources */ = {isa = PBXBuildFile; fileRef = B821DAAF1BA3FFFE00E8CA25 /* SwiftRegex.swift */; };
		B821DACD1BA3FFFE00E8CA25 /* WebSocket.swift in Sources */ = {isa = PBXBuildFile; fileRef = B821DAB01BA3FFFE00E8CA25 /* WebSocket.swift */; };
		B86393381BA3EF5400FB3F3F /* AccelDataListener.swift in Sources */ = {isa = PBXBuildFile; fileRef = B877B87C1BA3E1C5008981BF /* AccelDataListener.swift */; };
		B877B83F1BA3E058008981BF /* AppDelegate.swift in Sources */ = {isa = PBXBuildFile; fileRef = B877B83E1BA3E058008981BF /* AppDelegate.swift */; };
		B877B8411BA3E058008981BF /* ViewController.swift in Sources */ = {isa = PBXBuildFile; fileRef = B877B8401BA3E058008981BF /* ViewController.swift */; };
		B877B8441BA3E058008981BF /* Main.storyboard in Resources */ = {isa = PBXBuildFile; fileRef = B877B8421BA3E058008981BF /* Main.storyboard */; };
		B877B8461BA3E058008981BF /* Assets.xcassets in Resources */ = {isa = PBXBuildFile; fileRef = B877B8451BA3E058008981BF /* Assets.xcassets */; };
		B877B8491BA3E058008981BF /* LaunchScreen.storyboard in Resources */ = {isa = PBXBuildFile; fileRef = B877B8471BA3E058008981BF /* LaunchScreen.storyboard */; };
		B877B84E1BA3E058008981BF /* Down Low'd WatchKit App.app in Embed Watch Content */ = {isa = PBXBuildFile; fileRef = B877B84D1BA3E058008981BF /* Down Low'd WatchKit App.app */; };
		B877B8541BA3E058008981BF /* Interface.storyboard in Resources */ = {isa = PBXBuildFile; fileRef = B877B8521BA3E058008981BF /* Interface.storyboard */; };
		B877B8561BA3E058008981BF /* Assets.xcassets in Resources */ = {isa = PBXBuildFile; fileRef = B877B8551BA3E058008981BF /* Assets.xcassets */; };
		B877B85D1BA3E058008981BF /* Down Low'd WatchKit Extension.appex in Embed App Extensions */ = {isa = PBXBuildFile; fileRef = B877B85C1BA3E058008981BF /* Down Low'd WatchKit Extension.appex */; settings = {ATTRIBUTES = (RemoveHeadersOnCopy, ); }; };
		B877B8641BA3E058008981BF /* InterfaceController.swift in Sources */ = {isa = PBXBuildFile; fileRef = B877B8631BA3E058008981BF /* InterfaceController.swift */; };
		B877B8661BA3E058008981BF /* ExtensionDelegate.swift in Sources */ = {isa = PBXBuildFile; fileRef = B877B8651BA3E058008981BF /* ExtensionDelegate.swift */; };
		B877B8681BA3E058008981BF /* NotificationController.swift in Sources */ = {isa = PBXBuildFile; fileRef = B877B8671BA3E058008981BF /* NotificationController.swift */; };
		B877B86A1BA3E058008981BF /* GlanceController.swift in Sources */ = {isa = PBXBuildFile; fileRef = B877B8691BA3E058008981BF /* GlanceController.swift */; };
		B877B86C1BA3E058008981BF /* Assets.xcassets in Resources */ = {isa = PBXBuildFile; fileRef = B877B86B1BA3E058008981BF /* Assets.xcassets */; };
/* End PBXBuildFile section */

/* Begin PBXContainerItemProxy section */
		B877B84F1BA3E058008981BF /* PBXContainerItemProxy */ = {
			isa = PBXContainerItemProxy;
			containerPortal = B877B8331BA3E058008981BF /* Project object */;
			proxyType = 1;
			remoteGlobalIDString = B877B84C1BA3E058008981BF;
			remoteInfo = "Down Low'd WatchKit App";
		};
		B877B85E1BA3E058008981BF /* PBXContainerItemProxy */ = {
			isa = PBXContainerItemProxy;
			containerPortal = B877B8331BA3E058008981BF /* Project object */;
			proxyType = 1;
			remoteGlobalIDString = B877B85B1BA3E058008981BF;
			remoteInfo = "Down Low'd WatchKit Extension";
		};
/* End PBXContainerItemProxy section */

/* Begin PBXCopyFilesBuildPhase section */
		B877B8731BA3E058008981BF /* Embed App Extensions */ = {
			isa = PBXCopyFilesBuildPhase;
			buildActionMask = 2147483647;
			dstPath = "";
			dstSubfolderSpec = 13;
			files = (
				B877B85D1BA3E058008981BF /* Down Low'd WatchKit Extension.appex in Embed App Extensions */,
			);
			name = "Embed App Extensions";
			runOnlyForDeploymentPostprocessing = 0;
		};
		B877B8771BA3E058008981BF /* Embed Watch Content */ = {
			isa = PBXCopyFilesBuildPhase;
			buildActionMask = 2147483647;
			dstPath = "$(CONTENTS_FOLDER_PATH)/Watch";
			dstSubfolderSpec = 16;
			files = (
				B877B84E1BA3E058008981BF /* Down Low'd WatchKit App.app in Embed Watch Content */,
			);
			name = "Embed Watch Content";
			runOnlyForDeploymentPostprocessing = 0;
		};
/* End PBXCopyFilesBuildPhase section */

/* Begin PBXFileReference section */
		B821DA9E1BA3FCC500E8CA25 /* Communicator.swift */ = {isa = PBXFileReference; fileEncoding = 4; lastKnownFileType = sourcecode.swift; name = Communicator.swift; path = "Down Low'd WatchKit Extension/Communicator.swift"; sourceTree = SOURCE_ROOT; };
		B821DAA21BA3FFFE00E8CA25 /* SocketAckManager.swift */ = {isa = PBXFileReference; fileEncoding = 4; lastKnownFileType = sourcecode.swift; path = SocketAckManager.swift; sourceTree = "<group>"; };
		B821DAA31BA3FFFE00E8CA25 /* SocketAnyEvent.swift */ = {isa = PBXFileReference; fileEncoding = 4; lastKnownFileType = sourcecode.swift; path = SocketAnyEvent.swift; sourceTree = "<group>"; };
		B821DAA41BA3FFFE00E8CA25 /* SocketEngine.swift */ = {isa = PBXFileReference; fileEncoding = 4; lastKnownFileType = sourcecode.swift; path = SocketEngine.swift; sourceTree = "<group>"; };
		B821DAA51BA3FFFE00E8CA25 /* SocketEngineClient.swift */ = {isa = PBXFileReference; fileEncoding = 4; lastKnownFileType = sourcecode.swift; path = SocketEngineClient.swift; sourceTree = "<group>"; };
		B821DAA61BA3FFFE00E8CA25 /* SocketEventHandler.swift */ = {isa = PBXFileReference; fileEncoding = 4; lastKnownFileType = sourcecode.swift; path = SocketEventHandler.swift; sourceTree = "<group>"; };
		B821DAA71BA3FFFE00E8CA25 /* SocketFixUTF8.swift */ = {isa = PBXFileReference; fileEncoding = 4; lastKnownFileType = sourcecode.swift; path = SocketFixUTF8.swift; sourceTree = "<group>"; };
		B821DAA81BA3FFFE00E8CA25 /* SocketGenericParser.swift */ = {isa = PBXFileReference; fileEncoding = 4; lastKnownFileType = sourcecode.swift; path = SocketGenericParser.swift; sourceTree = "<group>"; };
		B821DAA91BA3FFFE00E8CA25 /* SocketIOClient.swift */ = {isa = PBXFileReference; fileEncoding = 4; lastKnownFileType = sourcecode.swift; path = SocketIOClient.swift; sourceTree = "<group>"; };
		B821DAAA1BA3FFFE00E8CA25 /* SocketIOClientStatus.swift */ = {isa = PBXFileReference; fileEncoding = 4; lastKnownFileType = sourcecode.swift; path = SocketIOClientStatus.swift; sourceTree = "<group>"; };
		B821DAAB1BA3FFFE00E8CA25 /* SocketLogger.swift */ = {isa = PBXFileReference; fileEncoding = 4; lastKnownFileType = sourcecode.swift; path = SocketLogger.swift; sourceTree = "<group>"; };
		B821DAAC1BA3FFFE00E8CA25 /* SocketPacket.swift */ = {isa = PBXFileReference; fileEncoding = 4; lastKnownFileType = sourcecode.swift; path = SocketPacket.swift; sourceTree = "<group>"; };
		B821DAAD1BA3FFFE00E8CA25 /* SocketParser.swift */ = {isa = PBXFileReference; fileEncoding = 4; lastKnownFileType = sourcecode.swift; path = SocketParser.swift; sourceTree = "<group>"; };
		B821DAAE1BA3FFFE00E8CA25 /* SocketTypes.swift */ = {isa = PBXFileReference; fileEncoding = 4; lastKnownFileType = sourcecode.swift; path = SocketTypes.swift; sourceTree = "<group>"; };
		B821DAAF1BA3FFFE00E8CA25 /* SwiftRegex.swift */ = {isa = PBXFileReference; fileEncoding = 4; lastKnownFileType = sourcecode.swift; path = SwiftRegex.swift; sourceTree = "<group>"; };
		B821DAB01BA3FFFE00E8CA25 /* WebSocket.swift */ = {isa = PBXFileReference; fileEncoding = 4; lastKnownFileType = sourcecode.swift; path = WebSocket.swift; sourceTree = "<group>"; };
		B86392EC1BA3E95100FB3F3F /* JALMainInterfaceController.h */ = {isa = PBXFileReference; fileEncoding = 4; lastKnownFileType = sourcecode.c.h; path = JALMainInterfaceController.h; sourceTree = "<group>"; };
		B86392ED1BA3E95100FB3F3F /* JALMainInterfaceController.m */ = {isa = PBXFileReference; fileEncoding = 4; lastKnownFileType = sourcecode.c.objc; path = JALMainInterfaceController.m; sourceTree = "<group>"; };
		B877B83B1BA3E058008981BF /* Down Low'd.app */ = {isa = PBXFileReference; explicitFileType = wrapper.application; includeInIndex = 0; path = "Down Low'd.app"; sourceTree = BUILT_PRODUCTS_DIR; };
		B877B83E1BA3E058008981BF /* AppDelegate.swift */ = {isa = PBXFileReference; lastKnownFileType = sourcecode.swift; path = AppDelegate.swift; sourceTree = "<group>"; };
		B877B8401BA3E058008981BF /* ViewController.swift */ = {isa = PBXFileReference; lastKnownFileType = sourcecode.swift; path = ViewController.swift; sourceTree = "<group>"; };
		B877B8431BA3E058008981BF /* Base */ = {isa = PBXFileReference; lastKnownFileType = file.storyboard; name = Base; path = Base.lproj/Main.storyboard; sourceTree = "<group>"; };
		B877B8451BA3E058008981BF /* Assets.xcassets */ = {isa = PBXFileReference; lastKnownFileType = folder.assetcatalog; path = Assets.xcassets; sourceTree = "<group>"; };
		B877B8481BA3E058008981BF /* Base */ = {isa = PBXFileReference; lastKnownFileType = file.storyboard; name = Base; path = Base.lproj/LaunchScreen.storyboard; sourceTree = "<group>"; };
		B877B84A1BA3E058008981BF /* Info.plist */ = {isa = PBXFileReference; lastKnownFileType = text.plist.xml; path = Info.plist; sourceTree = "<group>"; };
		B877B84D1BA3E058008981BF /* Down Low'd WatchKit App.app */ = {isa = PBXFileReference; explicitFileType = wrapper.application; includeInIndex = 0; path = "Down Low'd WatchKit App.app"; sourceTree = BUILT_PRODUCTS_DIR; };
		B877B8531BA3E058008981BF /* Base */ = {isa = PBXFileReference; lastKnownFileType = file.storyboard; name = Base; path = Base.lproj/Interface.storyboard; sourceTree = "<group>"; };
		B877B8551BA3E058008981BF /* Assets.xcassets */ = {isa = PBXFileReference; lastKnownFileType = folder.assetcatalog; path = Assets.xcassets; sourceTree = "<group>"; };
		B877B8571BA3E058008981BF /* Info.plist */ = {isa = PBXFileReference; lastKnownFileType = text.plist.xml; path = Info.plist; sourceTree = "<group>"; };
		B877B85C1BA3E058008981BF /* Down Low'd WatchKit Extension.appex */ = {isa = PBXFileReference; explicitFileType = "wrapper.app-extension"; includeInIndex = 0; path = "Down Low'd WatchKit Extension.appex"; sourceTree = BUILT_PRODUCTS_DIR; };
		B877B8621BA3E058008981BF /* PushNotificationPayload.apns */ = {isa = PBXFileReference; lastKnownFileType = text; path = PushNotificationPayload.apns; sourceTree = "<group>"; };
		B877B8631BA3E058008981BF /* InterfaceController.swift */ = {isa = PBXFileReference; lastKnownFileType = sourcecode.swift; path = InterfaceController.swift; sourceTree = "<group>"; };
		B877B8651BA3E058008981BF /* ExtensionDelegate.swift */ = {isa = PBXFileReference; lastKnownFileType = sourcecode.swift; path = ExtensionDelegate.swift; sourceTree = "<group>"; };
		B877B8671BA3E058008981BF /* NotificationController.swift */ = {isa = PBXFileReference; lastKnownFileType = sourcecode.swift; path = NotificationController.swift; sourceTree = "<group>"; };
		B877B8691BA3E058008981BF /* GlanceController.swift */ = {isa = PBXFileReference; lastKnownFileType = sourcecode.swift; path = GlanceController.swift; sourceTree = "<group>"; };
		B877B86B1BA3E058008981BF /* Assets.xcassets */ = {isa = PBXFileReference; lastKnownFileType = folder.assetcatalog; path = Assets.xcassets; sourceTree = "<group>"; };
		B877B86D1BA3E058008981BF /* Info.plist */ = {isa = PBXFileReference; lastKnownFileType = text.plist.xml; path = Info.plist; sourceTree = "<group>"; };
		B877B87B1BA3E1C4008981BF /* Down Low'd WatchKit App-Bridging-Header.h */ = {isa = PBXFileReference; lastKnownFileType = sourcecode.c.h; path = "Down Low'd WatchKit App-Bridging-Header.h"; sourceTree = "<group>"; };
		B877B87C1BA3E1C5008981BF /* AccelDataListener.swift */ = {isa = PBXFileReference; fileEncoding = 4; lastKnownFileType = sourcecode.swift; name = AccelDataListener.swift; path = "../Down Low'd WatchKit App/AccelDataListener.swift"; sourceTree = "<group>"; };
/* End PBXFileReference section */

/* Begin PBXFrameworksBuildPhase section */
		B877B8381BA3E058008981BF /* Frameworks */ = {
			isa = PBXFrameworksBuildPhase;
			buildActionMask = 2147483647;
			files = (
			);
			runOnlyForDeploymentPostprocessing = 0;
		};
		B877B8591BA3E058008981BF /* Frameworks */ = {
			isa = PBXFrameworksBuildPhase;
			buildActionMask = 2147483647;
			files = (
			);
			runOnlyForDeploymentPostprocessing = 0;
		};
/* End PBXFrameworksBuildPhase section */

/* Begin PBXGroup section */
		B821DAA11BA3FFFE00E8CA25 /* SocketIOClientSwift */ = {
			isa = PBXGroup;
			children = (
				B821DAA21BA3FFFE00E8CA25 /* SocketAckManager.swift */,
				B821DAA31BA3FFFE00E8CA25 /* SocketAnyEvent.swift */,
				B821DAA41BA3FFFE00E8CA25 /* SocketEngine.swift */,
				B821DAA51BA3FFFE00E8CA25 /* SocketEngineClient.swift */,
				B821DAA61BA3FFFE00E8CA25 /* SocketEventHandler.swift */,
				B821DAA71BA3FFFE00E8CA25 /* SocketFixUTF8.swift */,
				B821DAA81BA3FFFE00E8CA25 /* SocketGenericParser.swift */,
				B821DAA91BA3FFFE00E8CA25 /* SocketIOClient.swift */,
				B821DAAA1BA3FFFE00E8CA25 /* SocketIOClientStatus.swift */,
				B821DAAB1BA3FFFE00E8CA25 /* SocketLogger.swift */,
				B821DAAC1BA3FFFE00E8CA25 /* SocketPacket.swift */,
				B821DAAD1BA3FFFE00E8CA25 /* SocketParser.swift */,
				B821DAAE1BA3FFFE00E8CA25 /* SocketTypes.swift */,
				B821DAAF1BA3FFFE00E8CA25 /* SwiftRegex.swift */,
				B821DAB01BA3FFFE00E8CA25 /* WebSocket.swift */,
			);
			path = SocketIOClientSwift;
			sourceTree = "<group>";
		};
		B877B8321BA3E058008981BF = {
			isa = PBXGroup;
			children = (
				B821DAA11BA3FFFE00E8CA25 /* SocketIOClientSwift */,
				B877B83D1BA3E058008981BF /* Down Low'd */,
				B877B8511BA3E058008981BF /* Down Low'd WatchKit App */,
				B877B8601BA3E058008981BF /* Down Low'd WatchKit Extension */,
				B877B83C1BA3E058008981BF /* Products */,
			);
			sourceTree = "<group>";
		};
		B877B83C1BA3E058008981BF /* Products */ = {
			isa = PBXGroup;
			children = (
				B877B83B1BA3E058008981BF /* Down Low'd.app */,
				B877B84D1BA3E058008981BF /* Down Low'd WatchKit App.app */,
				B877B85C1BA3E058008981BF /* Down Low'd WatchKit Extension.appex */,
			);
			name = Products;
			sourceTree = "<group>";
		};
		B877B83D1BA3E058008981BF /* Down Low'd */ = {
			isa = PBXGroup;
			children = (
				B877B83E1BA3E058008981BF /* AppDelegate.swift */,
				B821DA9E1BA3FCC500E8CA25 /* Communicator.swift */,
				B877B8401BA3E058008981BF /* ViewController.swift */,
				B877B8421BA3E058008981BF /* Main.storyboard */,
				B877B8451BA3E058008981BF /* Assets.xcassets */,
				B877B8471BA3E058008981BF /* LaunchScreen.storyboard */,
				B877B84A1BA3E058008981BF /* Info.plist */,
			);
			path = "Down Low'd";
			sourceTree = "<group>";
		};
		B877B8511BA3E058008981BF /* Down Low'd WatchKit App */ = {
			isa = PBXGroup;
			children = (
				B877B8521BA3E058008981BF /* Interface.storyboard */,
				B877B8551BA3E058008981BF /* Assets.xcassets */,
				B877B8571BA3E058008981BF /* Info.plist */,
				B86392EC1BA3E95100FB3F3F /* JALMainInterfaceController.h */,
				B86392ED1BA3E95100FB3F3F /* JALMainInterfaceController.m */,
				B877B87B1BA3E1C4008981BF /* Down Low'd WatchKit App-Bridging-Header.h */,
			);
			path = "Down Low'd WatchKit App";
			sourceTree = "<group>";
		};
		B877B8601BA3E058008981BF /* Down Low'd WatchKit Extension */ = {
			isa = PBXGroup;
			children = (
				B877B87C1BA3E1C5008981BF /* AccelDataListener.swift */,
				B877B8631BA3E058008981BF /* InterfaceController.swift */,
				B877B8651BA3E058008981BF /* ExtensionDelegate.swift */,
				B877B8671BA3E058008981BF /* NotificationController.swift */,
				B877B8691BA3E058008981BF /* GlanceController.swift */,
				B877B86B1BA3E058008981BF /* Assets.xcassets */,
				B877B86D1BA3E058008981BF /* Info.plist */,
				B877B8611BA3E058008981BF /* Supporting Files */,
			);
			path = "Down Low'd WatchKit Extension";
			sourceTree = "<group>";
		};
		B877B8611BA3E058008981BF /* Supporting Files */ = {
			isa = PBXGroup;
			children = (
				B877B8621BA3E058008981BF /* PushNotificationPayload.apns */,
			);
			name = "Supporting Files";
			sourceTree = "<group>";
		};
/* End PBXGroup section */

/* Begin PBXNativeTarget section */
		B877B83A1BA3E058008981BF /* Down Low'd */ = {
			isa = PBXNativeTarget;
			buildConfigurationList = B877B8781BA3E058008981BF /* Build configuration list for PBXNativeTarget "Down Low'd" */;
			buildPhases = (
				B877B8371BA3E058008981BF /* Sources */,
				B877B8381BA3E058008981BF /* Frameworks */,
				B877B8391BA3E058008981BF /* Resources */,
				B877B8771BA3E058008981BF /* Embed Watch Content */,
			);
			buildRules = (
			);
			dependencies = (
				B877B8501BA3E058008981BF /* PBXTargetDependency */,
			);
			name = "Down Low'd";
			productName = "Down Low'd";
			productReference = B877B83B1BA3E058008981BF /* Down Low'd.app */;
			productType = "com.apple.product-type.application";
		};
		B877B84C1BA3E058008981BF /* Down Low'd WatchKit App */ = {
			isa = PBXNativeTarget;
			buildConfigurationList = B877B8741BA3E058008981BF /* Build configuration list for PBXNativeTarget "Down Low'd WatchKit App" */;
			buildPhases = (
				B877B84B1BA3E058008981BF /* Resources */,
				B877B8731BA3E058008981BF /* Embed App Extensions */,
			);
			buildRules = (
			);
			dependencies = (
				B877B85F1BA3E058008981BF /* PBXTargetDependency */,
			);
			name = "Down Low'd WatchKit App";
			productName = "Down Low'd WatchKit App";
			productReference = B877B84D1BA3E058008981BF /* Down Low'd WatchKit App.app */;
			productType = "com.apple.product-type.application.watchapp2";
		};
		B877B85B1BA3E058008981BF /* Down Low'd WatchKit Extension */ = {
			isa = PBXNativeTarget;
			buildConfigurationList = B877B8701BA3E058008981BF /* Build configuration list for PBXNativeTarget "Down Low'd WatchKit Extension" */;
			buildPhases = (
				B877B8581BA3E058008981BF /* Sources */,
				B877B8591BA3E058008981BF /* Frameworks */,
				B877B85A1BA3E058008981BF /* Resources */,
			);
			buildRules = (
			);
			dependencies = (
			);
			name = "Down Low'd WatchKit Extension";
			productName = "Down Low'd WatchKit Extension";
			productReference = B877B85C1BA3E058008981BF /* Down Low'd WatchKit Extension.appex */;
			productType = "com.apple.product-type.watchkit2-extension";
		};
/* End PBXNativeTarget section */

/* Begin PBXProject section */
		B877B8331BA3E058008981BF /* Project object */ = {
			isa = PBXProject;
			attributes = {
				LastSwiftMigration = 0710;
				LastSwiftUpdateCheck = 0710;
				LastUpgradeCheck = 0710;
				ORGANIZATIONNAME = "Justin Loew";
				TargetAttributes = {
					B877B83A1BA3E058008981BF = {
						CreatedOnToolsVersion = 7.1;
					};
					B877B84C1BA3E058008981BF = {
						CreatedOnToolsVersion = 7.1;
					};
					B877B85B1BA3E058008981BF = {
						CreatedOnToolsVersion = 7.1;
					};
				};
			};
			buildConfigurationList = B877B8361BA3E058008981BF /* Build configuration list for PBXProject "Down Low'd" */;
			compatibilityVersion = "Xcode 3.2";
			developmentRegion = English;
			hasScannedForEncodings = 0;
			knownRegions = (
				en,
				Base,
			);
			mainGroup = B877B8321BA3E058008981BF;
			productRefGroup = B877B83C1BA3E058008981BF /* Products */;
			projectDirPath = "";
			projectRoot = "";
			targets = (
				B877B83A1BA3E058008981BF /* Down Low'd */,
				B877B84C1BA3E058008981BF /* Down Low'd WatchKit App */,
				B877B85B1BA3E058008981BF /* Down Low'd WatchKit Extension */,
			);
		};
/* End PBXProject section */

/* Begin PBXResourcesBuildPhase section */
		B877B8391BA3E058008981BF /* Resources */ = {
			isa = PBXResourcesBuildPhase;
			buildActionMask = 2147483647;
			files = (
				B877B8491BA3E058008981BF /* LaunchScreen.storyboard in Resources */,
				B877B8461BA3E058008981BF /* Assets.xcassets in Resources */,
				B877B8441BA3E058008981BF /* Main.storyboard in Resources */,
			);
			runOnlyForDeploymentPostprocessing = 0;
		};
		B877B84B1BA3E058008981BF /* Resources */ = {
			isa = PBXResourcesBuildPhase;
			buildActionMask = 2147483647;
			files = (
				B877B8561BA3E058008981BF /* Assets.xcassets in Resources */,
				B877B8541BA3E058008981BF /* Interface.storyboard in Resources */,
			);
			runOnlyForDeploymentPostprocessing = 0;
		};
		B877B85A1BA3E058008981BF /* Resources */ = {
			isa = PBXResourcesBuildPhase;
			buildActionMask = 2147483647;
			files = (
				B877B86C1BA3E058008981BF /* Assets.xcassets in Resources */,
			);
			runOnlyForDeploymentPostprocessing = 0;
		};
/* End PBXResourcesBuildPhase section */

/* Begin PBXSourcesBuildPhase section */
		B877B8371BA3E058008981BF /* Sources */ = {
			isa = PBXSourcesBuildPhase;
			buildActionMask = 2147483647;
			files = (
				B821DABB1BA3FFFE00E8CA25 /* SocketFixUTF8.swift in Sources */,
				B821DAC11BA3FFFE00E8CA25 /* SocketIOClientStatus.swift in Sources */,
				B821DABD1BA3FFFE00E8CA25 /* SocketGenericParser.swift in Sources */,
				B821DAB71BA3FFFE00E8CA25 /* SocketEngineClient.swift in Sources */,
				B821DAB51BA3FFFE00E8CA25 /* SocketEngine.swift in Sources */,
				B821DAB31BA3FFFE00E8CA25 /* SocketAnyEvent.swift in Sources */,
				B821DAC31BA3FFFE00E8CA25 /* SocketLogger.swift in Sources */,
				B821DACD1BA3FFFE00E8CA25 /* WebSocket.swift in Sources */,
				B821DABF1BA3FFFE00E8CA25 /* SocketIOClient.swift in Sources */,
				B821DAB11BA3FFFE00E8CA25 /* SocketAckManager.swift in Sources */,
				B821DAB91BA3FFFE00E8CA25 /* SocketEventHandler.swift in Sources */,
				B821DAC91BA3FFFE00E8CA25 /* SocketTypes.swift in Sources */,
				B821DAC51BA3FFFE00E8CA25 /* SocketPacket.swift in Sources */,
				B821DAC71BA3FFFE00E8CA25 /* SocketParser.swift in Sources */,
				B821DA9F1BA3FCC500E8CA25 /* Communicator.swift in Sources */,
				B821DACB1BA3FFFE00E8CA25 /* SwiftRegex.swift in Sources */,
				B877B8411BA3E058008981BF /* ViewController.swift in Sources */,
				B877B83F1BA3E058008981BF /* AppDelegate.swift in Sources */,
			);
			runOnlyForDeploymentPostprocessing = 0;
		};
		B877B8581BA3E058008981BF /* Sources */ = {
			isa = PBXSourcesBuildPhase;
			buildActionMask = 2147483647;
			files = (
				B86393381BA3EF5400FB3F3F /* AccelDataListener.swift in Sources */,
				B877B8681BA3E058008981BF /* NotificationController.swift in Sources */,
				B877B8661BA3E058008981BF /* ExtensionDelegate.swift in Sources */,
				B877B8641BA3E058008981BF /* InterfaceController.swift in Sources */,
				B877B86A1BA3E058008981BF /* GlanceController.swift in Sources */,
			);
			runOnlyForDeploymentPostprocessing = 0;
		};
/* End PBXSourcesBuildPhase section */

/* Begin PBXTargetDependency section */
		B877B8501BA3E058008981BF /* PBXTargetDependency */ = {
			isa = PBXTargetDependency;
			target = B877B84C1BA3E058008981BF /* Down Low'd WatchKit App */;
			targetProxy = B877B84F1BA3E058008981BF /* PBXContainerItemProxy */;
		};
		B877B85F1BA3E058008981BF /* PBXTargetDependency */ = {
			isa = PBXTargetDependency;
			target = B877B85B1BA3E058008981BF /* Down Low'd WatchKit Extension */;
			targetProxy = B877B85E1BA3E058008981BF /* PBXContainerItemProxy */;
		};
/* End PBXTargetDependency section */

/* Begin PBXVariantGroup section */
		B877B8421BA3E058008981BF /* Main.storyboard */ = {
			isa = PBXVariantGroup;
			children = (
				B877B8431BA3E058008981BF /* Base */,
			);
			name = Main.storyboard;
			sourceTree = "<group>";
		};
		B877B8471BA3E058008981BF /* LaunchScreen.storyboard */ = {
			isa = PBXVariantGroup;
			children = (
				B877B8481BA3E058008981BF /* Base */,
			);
			name = LaunchScreen.storyboard;
			sourceTree = "<group>";
		};
		B877B8521BA3E058008981BF /* Interface.storyboard */ = {
			isa = PBXVariantGroup;
			children = (
				B877B8531BA3E058008981BF /* Base */,
			);
			name = Interface.storyboard;
			sourceTree = "<group>";
		};
/* End PBXVariantGroup section */

/* Begin XCBuildConfiguration section */
		B877B86E1BA3E058008981BF /* Debug */ = {
			isa = XCBuildConfiguration;
			buildSettings = {
				ALWAYS_SEARCH_USER_PATHS = NO;
				CLANG_CXX_LANGUAGE_STANDARD = "gnu++0x";
				CLANG_CXX_LIBRARY = "libc++";
				CLANG_ENABLE_MODULES = YES;
				CLANG_ENABLE_OBJC_ARC = YES;
				CLANG_WARN_BOOL_CONVERSION = YES;
				CLANG_WARN_CONSTANT_CONVERSION = YES;
				CLANG_WARN_DIRECT_OBJC_ISA_USAGE = YES_ERROR;
				CLANG_WARN_EMPTY_BODY = YES;
				CLANG_WARN_ENUM_CONVERSION = YES;
				CLANG_WARN_INT_CONVERSION = YES;
				CLANG_WARN_OBJC_ROOT_CLASS = YES_ERROR;
				CLANG_WARN_UNREACHABLE_CODE = YES;
				CLANG_WARN__DUPLICATE_METHOD_MATCH = YES;
				"CODE_SIGN_IDENTITY[sdk=iphoneos*]" = "iPhone Developer";
				COPY_PHASE_STRIP = NO;
				DEBUG_INFORMATION_FORMAT = dwarf;
				ENABLE_STRICT_OBJC_MSGSEND = YES;
				ENABLE_TESTABILITY = YES;
				GCC_C_LANGUAGE_STANDARD = gnu99;
				GCC_DYNAMIC_NO_PIC = NO;
				GCC_NO_COMMON_BLOCKS = YES;
				GCC_OPTIMIZATION_LEVEL = 0;
				GCC_PREPROCESSOR_DEFINITIONS = (
					"DEBUG=1",
					"$(inherited)",
				);
				GCC_WARN_64_TO_32_BIT_CONVERSION = YES;
				GCC_WARN_ABOUT_RETURN_TYPE = YES_ERROR;
				GCC_WARN_UNDECLARED_SELECTOR = YES;
				GCC_WARN_UNINITIALIZED_AUTOS = YES_AGGRESSIVE;
				GCC_WARN_UNUSED_FUNCTION = YES;
				GCC_WARN_UNUSED_VARIABLE = YES;
				IPHONEOS_DEPLOYMENT_TARGET = 9.1;
				MTL_ENABLE_DEBUG_INFO = YES;
				ONLY_ACTIVE_ARCH = YES;
				SDKROOT = iphoneos;
				SWIFT_OPTIMIZATION_LEVEL = "-Onone";
			};
			name = Debug;
		};
		B877B86F1BA3E058008981BF /* Release */ = {
			isa = XCBuildConfiguration;
			buildSettings = {
				ALWAYS_SEARCH_USER_PATHS = NO;
				CLANG_CXX_LANGUAGE_STANDARD = "gnu++0x";
				CLANG_CXX_LIBRARY = "libc++";
				CLANG_ENABLE_MODULES = YES;
				CLANG_ENABLE_OBJC_ARC = YES;
				CLANG_WARN_BOOL_CONVERSION = YES;
				CLANG_WARN_CONSTANT_CONVERSION = YES;
				CLANG_WARN_DIRECT_OBJC_ISA_USAGE = YES_ERROR;
				CLANG_WARN_EMPTY_BODY = YES;
				CLANG_WARN_ENUM_CONVERSION = YES;
				CLANG_WARN_INT_CONVERSION = YES;
				CLANG_WARN_OBJC_ROOT_CLASS = YES_ERROR;
				CLANG_WARN_UNREACHABLE_CODE = YES;
				CLANG_WARN__DUPLICATE_METHOD_MATCH = YES;
				"CODE_SIGN_IDENTITY[sdk=iphoneos*]" = "iPhone Developer";
				COPY_PHASE_STRIP = NO;
				DEBUG_INFORMATION_FORMAT = "dwarf-with-dsym";
				ENABLE_NS_ASSERTIONS = NO;
				ENABLE_STRICT_OBJC_MSGSEND = YES;
				GCC_C_LANGUAGE_STANDARD = gnu99;
				GCC_NO_COMMON_BLOCKS = YES;
				GCC_WARN_64_TO_32_BIT_CONVERSION = YES;
				GCC_WARN_ABOUT_RETURN_TYPE = YES_ERROR;
				GCC_WARN_UNDECLARED_SELECTOR = YES;
				GCC_WARN_UNINITIALIZED_AUTOS = YES_AGGRESSIVE;
				GCC_WARN_UNUSED_FUNCTION = YES;
				GCC_WARN_UNUSED_VARIABLE = YES;
				IPHONEOS_DEPLOYMENT_TARGET = 9.1;
				MTL_ENABLE_DEBUG_INFO = NO;
				SDKROOT = iphoneos;
				VALIDATE_PRODUCT = YES;
			};
			name = Release;
		};
		B877B8711BA3E058008981BF /* Debug */ = {
			isa = XCBuildConfiguration;
			buildSettings = {
				INFOPLIST_FILE = "Down Low'd WatchKit Extension/Info.plist";
				LD_RUNPATH_SEARCH_PATHS = "$(inherited) @executable_path/Frameworks @executable_path/../../Frameworks";
				PRODUCT_BUNDLE_IDENTIFIER = "com.justinloew.Down-Low-d.watchkitapp.watchkitextension";
				PRODUCT_NAME = "${TARGET_NAME}";
				SDKROOT = watchos;
				SKIP_INSTALL = YES;
				TARGETED_DEVICE_FAMILY = 4;
				WATCHOS_DEPLOYMENT_TARGET = 2.0;
			};
			name = Debug;
		};
		B877B8721BA3E058008981BF /* Release */ = {
			isa = XCBuildConfiguration;
			buildSettings = {
				INFOPLIST_FILE = "Down Low'd WatchKit Extension/Info.plist";
				LD_RUNPATH_SEARCH_PATHS = "$(inherited) @executable_path/Frameworks @executable_path/../../Frameworks";
				PRODUCT_BUNDLE_IDENTIFIER = "com.justinloew.Down-Low-d.watchkitapp.watchkitextension";
				PRODUCT_NAME = "${TARGET_NAME}";
				SDKROOT = watchos;
				SKIP_INSTALL = YES;
				TARGETED_DEVICE_FAMILY = 4;
				WATCHOS_DEPLOYMENT_TARGET = 2.0;
			};
			name = Release;
		};
		B877B8751BA3E058008981BF /* Debug */ = {
			isa = XCBuildConfiguration;
			buildSettings = {
				ASSETCATALOG_COMPILER_APPICON_NAME = AppIcon;
				CLANG_ENABLE_MODULES = YES;
				EMBEDDED_CONTENT_CONTAINS_SWIFT = YES;
				IBSC_MODULE = Down_Low_d_WatchKit_Extension;
				INFOPLIST_FILE = "Down Low'd WatchKit App/Info.plist";
				LD_RUNPATH_SEARCH_PATHS = "$(inherited) @executable_path/../Frameworks @loader_path/../Frameworks";
				PRODUCT_BUNDLE_IDENTIFIER = "com.justinloew.Down-Low-d.watchkitapp";
				PRODUCT_NAME = "$(TARGET_NAME)";
				SDKROOT = watchos;
				SKIP_INSTALL = YES;
				SWIFT_OBJC_BRIDGING_HEADER = "Down Low'd WatchKit App/Down Low'd WatchKit App-Bridging-Header.h";
				SWIFT_OPTIMIZATION_LEVEL = "-Onone";
				TARGETED_DEVICE_FAMILY = 4;
				WATCHOS_DEPLOYMENT_TARGET = 2.0;
			};
			name = Debug;
		};
		B877B8761BA3E058008981BF /* Release */ = {
			isa = XCBuildConfiguration;
			buildSettings = {
				ASSETCATALOG_COMPILER_APPICON_NAME = AppIcon;
				CLANG_ENABLE_MODULES = YES;
				EMBEDDED_CONTENT_CONTAINS_SWIFT = YES;
				IBSC_MODULE = Down_Low_d_WatchKit_Extension;
				INFOPLIST_FILE = "Down Low'd WatchKit App/Info.plist";
				LD_RUNPATH_SEARCH_PATHS = "$(inherited) @executable_path/../Frameworks @loader_path/../Frameworks";
				PRODUCT_BUNDLE_IDENTIFIER = "com.justinloew.Down-Low-d.watchkitapp";
				PRODUCT_NAME = "$(TARGET_NAME)";
				SDKROOT = watchos;
				SKIP_INSTALL = YES;
				SWIFT_OBJC_BRIDGING_HEADER = "Down Low'd WatchKit App/Down Low'd WatchKit App-Bridging-Header.h";
				TARGETED_DEVICE_FAMILY = 4;
				WATCHOS_DEPLOYMENT_TARGET = 2.0;
			};
			name = Release;
		};
		B877B8791BA3E058008981BF /* Debug */ = {
			isa = XCBuildConfiguration;
			buildSettings = {
				ASSETCATALOG_COMPILER_APPICON_NAME = AppIcon;
				INFOPLIST_FILE = "Down Low'd/Info.plist";
				LD_RUNPATH_SEARCH_PATHS = "$(inherited) @executable_path/Frameworks";
				PRODUCT_BUNDLE_IDENTIFIER = "com.justinloew.Down-Low-d";
				PRODUCT_NAME = "$(TARGET_NAME)";
			};
			name = Debug;
		};
		B877B87A1BA3E058008981BF /* Release */ = {
			isa = XCBuildConfiguration;
			buildSettings = {
				ASSETCATALOG_COMPILER_APPICON_NAME = AppIcon;
				INFOPLIST_FILE = "Down Low'd/Info.plist";
				LD_RUNPATH_SEARCH_PATHS = "$(inherited) @executable_path/Frameworks";
				PRODUCT_BUNDLE_IDENTIFIER = "com.justinloew.Down-Low-d";
				PRODUCT_NAME = "$(TARGET_NAME)";
			};
			name = Release;
		};
/* End XCBuildConfiguration section */

/* Begin XCConfigurationList section */
		B877B8361BA3E058008981BF /* Build configuration list for PBXProject "Down Low'd" */ = {
			isa = XCConfigurationList;
			buildConfigurations = (
				B877B86E1BA3E058008981BF /* Debug */,
				B877B86F1BA3E058008981BF /* Release */,
			);
			defaultConfigurationIsVisible = 0;
			defaultConfigurationName = Release;
		};
		B877B8701BA3E058008981BF /* Build configuration list for PBXNativeTarget "Down Low'd WatchKit Extension" */ = {
			isa = XCConfigurationList;
			buildConfigurations = (
				B877B8711BA3E058008981BF /* Debug */,
				B877B8721BA3E058008981BF /* Release */,
			);
			defaultConfigurationIsVisible = 0;
			defaultConfigurationName = Release;
		};
		B877B8741BA3E058008981BF /* Build configuration list for PBXNativeTarget "Down Low'd WatchKit App" */ = {
			isa = XCConfigurationList;
			buildConfigurations = (
				B877B8751BA3E058008981BF /* Debug */,
				B877B8761BA3E058008981BF /* Release */,
			);
			defaultConfigurationIsVisible = 0;
			defaultConfigurationName = Release;
		};
		B877B8781BA3E058008981BF /* Build configuration list for PBXNativeTarget "Down Low'd" */ = {
			isa = XCConfigurationList;
			buildConfigurations = (
				B877B8791BA3E058008981BF /* Debug */,
				B877B87A1BA3E058008981BF /* Release */,
			);
			defaultConfigurationIsVisible = 0;
			defaultConfigurationName = Release;
		};
/* End XCConfigurationList section */
	};
	rootObject = B877B8331BA3E058008981BF /* Project object */;
}
